
Microsoft Visual Studio Solution File, Format Version 12.00
# Visual Studio 15
VisualStudioVersion = 15.0.26730.10
MinimumVisualStudioVersion = 10.0.40219.1
Project("{FAE04EC0-301F-11D3-BF4B-00C04F79EFBC}") = "NeuralMotion", "NeuralMotion\NeuralMotion.csproj", "{B62C0990-B78C-416B-8A68-9A68BBEEE0C4}"
EndProject
Project("{FAE04EC0-301F-11D3-BF4B-00C04F79EFBC}") = "Util", "Util\Util.csproj", "{172B8011-568F-48DC-921F-9D9A0528537F}"
EndProject
Project("{FAE04EC0-301F-11D3-BF4B-00C04F79EFBC}") = "NeuralMotion.Test", "NeuralMotion.Test\NeuralMotion.Test.csproj", "{2F6C602B-75C4-49D0-A910-6909494C51A8}"
EndProject
Project("{FAE04EC0-301F-11D3-BF4B-00C04F79EFBC}") = "Configuration", "Configuration\Configuration.csproj", "{9438797E-91C9-480F-844B-0F586C22DE95}"
EndProject
Project("{9A19103F-16F7-4668-BE54-9A1E7A4F7556}") = "ConvNetSharp.Core", "conv-net-sharp\src\ConvNetSharp.Core\ConvNetSharp.Core.csproj", "{AD634F91-FB1C-4F48-B17F-7E1F0A2C8DD2}"
EndProject
Project("{9A19103F-16F7-4668-BE54-9A1E7A4F7556}") = "ConvNetSharp.Volume", "conv-net-sharp\src\ConvNetSharp.Volume\ConvNetSharp.Volume.csproj", "{0150401B-B46D-45A0-B7D3-EA87FC37AA2F}"
EndProject
Project("{FAE04EC0-301F-11D3-BF4B-00C04F79EFBC}") = "ConvNetSharp.ReinforcementLearning.Deep", "conv-net-sharp\src\ConvNetSharp.ReinforcementLearning.Deep\ConvNetSharp.ReinforcementLearning.Deep.csproj", "{E4E29C69-EF32-46BD-B7CE-574324E9F454}"
EndProject
Global
	GlobalSection(SolutionConfigurationPlatforms) = preSolution
		Debug|Any CPU = Debug|Any CPU
		Release|Any CPU = Release|Any CPU
	EndGlobalSection
	GlobalSection(ProjectConfigurationPlatforms) = postSolution
		{B62C0990-B78C-416B-8A68-9A68BBEEE0C4}.Debug|Any CPU.ActiveCfg = Debug|Any CPU
		{B62C0990-B78C-416B-8A68-9A68BBEEE0C4}.Debug|Any CPU.Build.0 = Debug|Any CPU
		{B62C0990-B78C-416B-8A68-9A68BBEEE0C4}.Release|Any CPU.ActiveCfg = Release|Any CPU
		{B62C0990-B78C-416B-8A68-9A68BBEEE0C4}.Release|Any CPU.Build.0 = Release|Any CPU
		{172B8011-568F-48DC-921F-9D9A0528537F}.Debug|Any CPU.ActiveCfg = Debug|Any CPU
		{172B8011-568F-48DC-921F-9D9A0528537F}.Debug|Any CPU.Build.0 = Debug|Any CPU
		{172B8011-568F-48DC-921F-9D9A0528537F}.Release|Any CPU.ActiveCfg = Release|Any CPU
		{172B8011-568F-48DC-921F-9D9A0528537F}.Release|Any CPU.Build.0 = Release|Any CPU
		{2F6C602B-75C4-49D0-A910-6909494C51A8}.Debug|Any CPU.ActiveCfg = Debug|Any CPU
		{2F6C602B-75C4-49D0-A910-6909494C51A8}.Debug|Any CPU.Build.0 = Debug|Any CPU
		{2F6C602B-75C4-49D0-A910-6909494C51A8}.Release|Any CPU.ActiveCfg = Release|Any CPU
		{2F6C602B-75C4-49D0-A910-6909494C51A8}.Release|Any CPU.Build.0 = Release|Any CPU
		{9438797E-91C9-480F-844B-0F586C22DE95}.Debug|Any CPU.ActiveCfg = Debug|Any CPU
		{9438797E-91C9-480F-844B-0F586C22DE95}.Debug|Any CPU.Build.0 = Debug|Any CPU
		{9438797E-91C9-480F-844B-0F586C22DE95}.Release|Any CPU.ActiveCfg = Release|Any CPU
		{9438797E-91C9-480F-844B-0F586C22DE95}.Release|Any CPU.Build.0 = Release|Any CPU
		{AD634F91-FB1C-4F48-B17F-7E1F0A2C8DD2}.Debug|Any CPU.ActiveCfg = Debug|Any CPU
		{AD634F91-FB1C-4F48-B17F-7E1F0A2C8DD2}.Debug|Any CPU.Build.0 = Debug|Any CPU
		{AD634F91-FB1C-4F48-B17F-7E1F0A2C8DD2}.Release|Any CPU.ActiveCfg = Release|Any CPU
		{AD634F91-FB1C-4F48-B17F-7E1F0A2C8DD2}.Release|Any CPU.Build.0 = Release|Any CPU
		{0150401B-B46D-45A0-B7D3-EA87FC37AA2F}.Debug|Any CPU.ActiveCfg = Debug|Any CPU
		{0150401B-B46D-45A0-B7D3-EA87FC37AA2F}.Debug|Any CPU.Build.0 = Debug|Any CPU
		{0150401B-B46D-45A0-B7D3-EA87FC37AA2F}.Release|Any CPU.ActiveCfg = Release|Any CPU
		{0150401B-B46D-45A0-B7D3-EA87FC37AA2F}.Release|Any CPU.Build.0 = Release|Any CPU
		{E4E29C69-EF32-46BD-B7CE-574324E9F454}.Debug|Any CPU.ActiveCfg = Debug|Any CPU
		{E4E29C69-EF32-46BD-B7CE-574324E9F454}.Debug|Any CPU.Build.0 = Debug|Any CPU
		{E4E29C69-EF32-46BD-B7CE-574324E9F454}.Release|Any CPU.ActiveCfg = Release|Any CPU
		{E4E29C69-EF32-46BD-B7CE-574324E9F454}.Release|Any CPU.Build.0 = Release|Any CPU
	EndGlobalSection
	GlobalSection(SolutionProperties) = preSolution
		HideSolutionNode = FALSE
	EndGlobalSection
	GlobalSection(ExtensibilityGlobals) = postSolution
		SolutionGuid = {DB17BB24-8533-4B06-B4E4-8D58FE9E6BCA}
	EndGlobalSection
EndGlobal
